{
  "version": "5",
  "specifiers": {
    "npm:pocketbase@0.21.2": "0.21.2"
  },
  "npm": {
    "pocketbase@0.21.2": {
      "integrity": "sha512-XZdgU9dEv3TPjexDRHy5feYrZrJhWqxTki8ClFGpsnC51G3Qkwoa/U7CVG72jYcLDP3p0HiEhRUUevnlryWkHA=="
    }
  },
  "workspace": {
    "dependencies": [
      "jsr:@std/assert@1"
    ]
  }
}
